
Microsoft Visual Studio Solution File, Format Version 11.00
# Visual Studio 2010
Project("{FAE04EC0-301F-11D3-BF4B-00C04F79EFBC}") = "Assembly-CSharp", "Assembly-CSharp.csproj", "{0A95213A-95F4-0479-88C0-E3913ADF036D}"
EndProject
Global
	GlobalSection(SolutionConfigurationPlatforms) = preSolution
		Debug|Any CPU = Debug|Any CPU
		Release|Any CPU = Release|Any CPU
	EndGlobalSection
	GlobalSection(ProjectConfigurationPlatforms) = postSolution
		{0A95213A-95F4-0479-88C0-E3913ADF036D}.Debug|Any CPU.ActiveCfg = Debug|Any CPU
		{0A95213A-95F4-0479-88C0-E3913ADF036D}.Debug|Any CPU.Build.0 = Debug|Any CPU
		{0A95213A-95F4-0479-88C0-E3913ADF036D}.Release|Any CPU.ActiveCfg = Release|Any CPU
		{0A95213A-95F4-0479-88C0-E3913ADF036D}.Release|Any CPU.Build.0 = Release|Any CPU
	EndGlobalSection
	GlobalSection(SolutionProperties) = preSolution
		HideSolutionNode = FALSE
	EndGlobalSection
	GlobalSection(MonoDevelopProperties) = preSolution
		StartupItem = Assembly-CSharp.csproj
	EndGlobalSection
EndGlobal
