
Microsoft Visual Studio Solution File, Format Version 12.00
# Visual Studio 2015
Project("{FAE04EC0-301F-11D3-BF4B-00C04F79EFBC}") = "CS583 - Tower", "CS583 - Tower.csproj", "{F5F425AA-044F-2046-D0AA-B851B4A4B202}"
EndProject
Global
	GlobalSection(SolutionConfigurationPlatforms) = preSolution
		Debug|Any CPU = Debug|Any CPU
		Release|Any CPU = Release|Any CPU
	EndGlobalSection
	GlobalSection(ProjectConfigurationPlatforms) = postSolution
		{F5F425AA-044F-2046-D0AA-B851B4A4B202}.Debug|Any CPU.ActiveCfg = Debug|Any CPU
		{F5F425AA-044F-2046-D0AA-B851B4A4B202}.Debug|Any CPU.Build.0 = Debug|Any CPU
		{F5F425AA-044F-2046-D0AA-B851B4A4B202}.Release|Any CPU.ActiveCfg = Release|Any CPU
		{F5F425AA-044F-2046-D0AA-B851B4A4B202}.Release|Any CPU.Build.0 = Release|Any CPU
	EndGlobalSection
	GlobalSection(SolutionProperties) = preSolution
		HideSolutionNode = FALSE
	EndGlobalSection
EndGlobal
